// !$*UTF8*$!
{
	archiveVersion = 1;
	classes = {
	};
	objectVersion = 46;
	objects = {

/* Begin PBXBuildFile section */
		075C45DB1B0FAB3F00792A3F /* License.txt in Resources */ = {isa = PBXBuildFile; fileRef = 075C45D91B0FAB3600792A3F /* License.txt */; };
		078387721B0DFF2B00CAD48D /* WindowController.swift in Sources */ = {isa = PBXBuildFile; fileRef = 078387711B0DFF2B00CAD48D /* WindowController.swift */; };
		07F1D3061B0D658700F77F0C /* AppDelegate.swift in Sources */ = {isa = PBXBuildFile; fileRef = 07F1D3051B0D658700F77F0C /* AppDelegate.swift */; };
		07F1D3081B0D658700F77F0C /* FilesViewController.swift in Sources */ = {isa = PBXBuildFile; fileRef = 07F1D3071B0D658700F77F0C /* FilesViewController.swift */; };
		07F1D30A1B0D658700F77F0C /* Images.xcassets in Resources */ = {isa = PBXBuildFile; fileRef = 07F1D3091B0D658700F77F0C /* Images.xcassets */; };
		07F1D30D1B0D658700F77F0C /* Main.storyboard in Resources */ = {isa = PBXBuildFile; fileRef = 07F1D30B1B0D658700F77F0C /* Main.storyboard */; };
		07F1D3191B0D658800F77F0C /* FileCardsTests.swift in Sources */ = {isa = PBXBuildFile; fileRef = 07F1D3181B0D658800F77F0C /* FileCardsTests.swift */; };
		07F1D3231B0D65F700F77F0C /* FileObject.swift in Sources */ = {isa = PBXBuildFile; fileRef = 07F1D3221B0D65F700F77F0C /* FileObject.swift */; };
		07F1D3251B0D69C400F77F0C /* CardBackgroundView.swift in Sources */ = {isa = PBXBuildFile; fileRef = 07F1D3241B0D69C400F77F0C /* CardBackgroundView.swift */; };
		07F1D3271B0D6E9300F77F0C /* PageController.swift in Sources */ = {isa = PBXBuildFile; fileRef = 07F1D3261B0D6E9300F77F0C /* PageController.swift */; };
/* End PBXBuildFile section */

/* Begin PBXContainerItemProxy section */
		07F1D3131B0D658700F77F0C /* PBXContainerItemProxy */ = {
			isa = PBXContainerItemProxy;
			containerPortal = 07F1D2F81B0D658700F77F0C /* Project object */;
			proxyType = 1;
			remoteGlobalIDString = 07F1D2FF1B0D658700F77F0C;
			remoteInfo = FileCards;
		};
/* End PBXContainerItemProxy section */

/* Begin PBXFileReference section */
		075C45D81B0F94E700792A3F /* ReadMe.md */ = {isa = PBXFileReference; lastKnownFileType = net.daringfireball.markdown; path = ReadMe.md; sourceTree = "<group>"; };
		075C45D91B0FAB3600792A3F /* License.txt */ = {isa = PBXFileReference; fileEncoding = 4; lastKnownFileType = text; path = License.txt; sourceTree = "<group>"; };
		078387711B0DFF2B00CAD48D /* WindowController.swift */ = {isa = PBXFileReference; fileEncoding = 4; lastKnownFileType = sourcecode.swift; lineEnding = 0; path = WindowController.swift; sourceTree = "<group>"; xcLanguageSpecificationIdentifier = xcode.lang.swift; };
		07F1D3001B0D658700F77F0C /* FileCards.app */ = {isa = PBXFileReference; explicitFileType = wrapper.application; includeInIndex = 0; path = FileCards.app; sourceTree = BUILT_PRODUCTS_DIR; };
		07F1D3041B0D658700F77F0C /* Info.plist */ = {isa = PBXFileReference; lastKnownFileType = text.plist.xml; path = Info.plist; sourceTree = "<group>"; };
		07F1D3051B0D658700F77F0C /* AppDelegate.swift */ = {isa = PBXFileReference; lastKnownFileType = sourcecode.swift; path = AppDelegate.swift; sourceTree = "<group>"; };
		07F1D3071B0D658700F77F0C /* FilesViewController.swift */ = {isa = PBXFileReference; lastKnownFileType = sourcecode.swift; lineEnding = 0; path = FilesViewController.swift; sourceTree = "<group>"; xcLanguageSpecificationIdentifier = xcode.lang.swift; };
		07F1D3091B0D658700F77F0C /* Images.xcassets */ = {isa = PBXFileReference; lastKnownFileType = folder.assetcatalog; path = Images.xcassets; sourceTree = "<group>"; };
		07F1D30C1B0D658700F77F0C /* Base */ = {isa = PBXFileReference; lastKnownFileType = file.storyboard; name = Base; path = Base.lproj/Main.storyboard; sourceTree = "<group>"; };
		07F1D3121B0D658700F77F0C /* FileCardsTests.xctest */ = {isa = PBXFileReference; explicitFileType = wrapper.cfbundle; includeInIndex = 0; path = FileCardsTests.xctest; sourceTree = BUILT_PRODUCTS_DIR; };
		07F1D3171B0D658800F77F0C /* Info.plist */ = {isa = PBXFileReference; lastKnownFileType = text.plist.xml; path = Info.plist; sourceTree = "<group>"; };
		07F1D3181B0D658800F77F0C /* FileCardsTests.swift */ = {isa = PBXFileReference; lastKnownFileType = sourcecode.swift; path = FileCardsTests.swift; sourceTree = "<group>"; };
		07F1D3221B0D65F700F77F0C /* FileObject.swift */ = {isa = PBXFileReference; fileEncoding = 4; lastKnownFileType = sourcecode.swift; path = FileObject.swift; sourceTree = "<group>"; };
		07F1D3241B0D69C400F77F0C /* CardBackgroundView.swift */ = {isa = PBXFileReference; fileEncoding = 4; lastKnownFileType = sourcecode.swift; name = CardBackgroundView.swift; path = FileCards/CardBackgroundView.swift; sourceTree = SOURCE_ROOT; };
		07F1D3261B0D6E9300F77F0C /* PageController.swift */ = {isa = PBXFileReference; fileEncoding = 4; lastKnownFileType = sourcecode.swift; path = PageController.swift; sourceTree = "<group>"; };
/* End PBXFileReference section */

/* Begin PBXFrameworksBuildPhase section */
		07F1D2FD1B0D658700F77F0C /* Frameworks */ = {
			isa = PBXFrameworksBuildPhase;
			buildActionMask = 2147483647;
			files = (
			);
			runOnlyForDeploymentPostprocessing = 0;
		};
		07F1D30F1B0D658700F77F0C /* Frameworks */ = {
			isa = PBXFrameworksBuildPhase;
			buildActionMask = 2147483647;
			files = (
			);
			runOnlyForDeploymentPostprocessing = 0;
		};
/* End PBXFrameworksBuildPhase section */

/* Begin PBXGroup section */
		07F1D2F71B0D658700F77F0C = {
			isa = PBXGroup;
			children = (
				075C45D91B0FAB3600792A3F /* License.txt */,
				075C45D81B0F94E700792A3F /* ReadMe.md */,
				07F1D3021B0D658700F77F0C /* FileCards */,
				07F1D3151B0D658800F77F0C /* FileCardsTests */,
				07F1D3011B0D658700F77F0C /* Products */,
			);
			sourceTree = "<group>";
		};
		07F1D3011B0D658700F77F0C /* Products */ = {
			isa = PBXGroup;
			children = (
				07F1D3001B0D658700F77F0C /* FileCards.app */,
				07F1D3121B0D658700F77F0C /* FileCardsTests.xctest */,
			);
			name = Products;
			sourceTree = "<group>";
		};
		07F1D3021B0D658700F77F0C /* FileCards */ = {
			isa = PBXGroup;
			children = (
				07F1D3051B0D658700F77F0C /* AppDelegate.swift */,
				07F1D3241B0D69C400F77F0C /* CardBackgroundView.swift */,
				07F1D3221B0D65F700F77F0C /* FileObject.swift */,
				07F1D3071B0D658700F77F0C /* FilesViewController.swift */,
				07F1D3261B0D6E9300F77F0C /* PageController.swift */,
				078387711B0DFF2B00CAD48D /* WindowController.swift */,
				07F1D3091B0D658700F77F0C /* Images.xcassets */,
				07F1D30B1B0D658700F77F0C /* Main.storyboard */,
				07F1D3031B0D658700F77F0C /* Supporting Files */,
			);
			path = FileCards;
			sourceTree = "<group>";
		};
		07F1D3031B0D658700F77F0C /* Supporting Files */ = {
			isa = PBXGroup;
			children = (
				07F1D3041B0D658700F77F0C /* Info.plist */,
			);
			name = "Supporting Files";
			sourceTree = "<group>";
		};
		07F1D3151B0D658800F77F0C /* FileCardsTests */ = {
			isa = PBXGroup;
			children = (
				07F1D3181B0D658800F77F0C /* FileCardsTests.swift */,
				07F1D3161B0D658800F77F0C /* Supporting Files */,
			);
			path = FileCardsTests;
			sourceTree = "<group>";
		};
		07F1D3161B0D658800F77F0C /* Supporting Files */ = {
			isa = PBXGroup;
			children = (
				07F1D3171B0D658800F77F0C /* Info.plist */,
			);
			name = "Supporting Files";
			sourceTree = "<group>";
		};
/* End PBXGroup section */

/* Begin PBXNativeTarget section */
		07F1D2FF1B0D658700F77F0C /* FileCards */ = {
			isa = PBXNativeTarget;
			buildConfigurationList = 07F1D31C1B0D658800F77F0C /* Build configuration list for PBXNativeTarget "FileCards" */;
			buildPhases = (
				07F1D2FC1B0D658700F77F0C /* Sources */,
				07F1D2FD1B0D658700F77F0C /* Frameworks */,
				07F1D2FE1B0D658700F77F0C /* Resources */,
			);
			buildRules = (
			);
			dependencies = (
			);
			name = FileCards;
			productName = FileCards;
			productReference = 07F1D3001B0D658700F77F0C /* FileCards.app */;
			productType = "com.apple.product-type.application";
		};
		07F1D3111B0D658700F77F0C /* FileCardsTests */ = {
			isa = PBXNativeTarget;
			buildConfigurationList = 07F1D31F1B0D658800F77F0C /* Build configuration list for PBXNativeTarget "FileCardsTests" */;
			buildPhases = (
				07F1D30E1B0D658700F77F0C /* Sources */,
				07F1D30F1B0D658700F77F0C /* Frameworks */,
				07F1D3101B0D658700F77F0C /* Resources */,
			);
			buildRules = (
			);
			dependencies = (
				07F1D3141B0D658700F77F0C /* PBXTargetDependency */,
			);
			name = FileCardsTests;
			productName = FileCardsTests;
			productReference = 07F1D3121B0D658700F77F0C /* FileCardsTests.xctest */;
			productType = "com.apple.product-type.bundle.unit-test";
		};
/* End PBXNativeTarget section */

/* Begin PBXProject section */
		07F1D2F81B0D658700F77F0C /* Project object */ = {
			isa = PBXProject;
			attributes = {
				LastUpgradeCheck = 0630;
				ORGANIZATIONNAME = "Apple Inc.";
				TargetAttributes = {
					07F1D2FF1B0D658700F77F0C = {
						CreatedOnToolsVersion = 6.3.2;
					};
					07F1D3111B0D658700F77F0C = {
						CreatedOnToolsVersion = 6.3.2;
						TestTargetID = 07F1D2FF1B0D658700F77F0C;
					};
				};
			};
			buildConfigurationList = 07F1D2FB1B0D658700F77F0C /* Build configuration list for PBXProject "FileCards" */;
			compatibilityVersion = "Xcode 3.2";
			developmentRegion = English;
			hasScannedForEncodings = 0;
			knownRegions = (
				en,
				Base,
			);
			mainGroup = 07F1D2F71B0D658700F77F0C;
			productRefGroup = 07F1D3011B0D658700F77F0C /* Products */;
			projectDirPath = "";
			projectRoot = "";
			targets = (
				07F1D2FF1B0D658700F77F0C /* FileCards */,
				07F1D3111B0D658700F77F0C /* FileCardsTests */,
			);
		};
/* End PBXProject section */

/* Begin PBXResourcesBuildPhase section */
		07F1D2FE1B0D658700F77F0C /* Resources */ = {
			isa = PBXResourcesBuildPhase;
			buildActionMask = 2147483647;
			files = (
				07F1D30A1B0D658700F77F0C /* Images.xcassets in Resources */,
				075C45DB1B0FAB3F00792A3F /* License.txt in Resources */,
				07F1D30D1B0D658700F77F0C /* Main.storyboard in Resources */,
			);
			runOnlyForDeploymentPostprocessing = 0;
		};
		07F1D3101B0D658700F77F0C /* Resources */ = {
			isa = PBXResourcesBuildPhase;
			buildActionMask = 2147483647;
			files = (
			);
			runOnlyForDeploymentPostprocessing = 0;
		};
/* End PBXResourcesBuildPhase section */

/* Begin PBXSourcesBuildPhase section */
		07F1D2FC1B0D658700F77F0C /* Sources */ = {
			isa = PBXSourcesBuildPhase;
			buildActionMask = 2147483647;
			files = (
				07F1D3061B0D658700F77F0C /* AppDelegate.swift in Sources */,
				07F1D3251B0D69C400F77F0C /* CardBackgroundView.swift in Sources */,
				07F1D3231B0D65F700F77F0C /* FileObject.swift in Sources */,
				07F1D3081B0D658700F77F0C /* FilesViewController.swift in Sources */,
				07F1D3271B0D6E9300F77F0C /* PageController.swift in Sources */,
				078387721B0DFF2B00CAD48D /* WindowController.swift in Sources */,
			);
			runOnlyForDeploymentPostprocessing = 0;
		};
		07F1D30E1B0D658700F77F0C /* Sources */ = {
			isa = PBXSourcesBuildPhase;
			buildActionMask = 2147483647;
			files = (
				07F1D3191B0D658800F77F0C /* FileCardsTests.swift in Sources */,
			);
			runOnlyForDeploymentPostprocessing = 0;
		};
/* End PBXSourcesBuildPhase section */

/* Begin PBXTargetDependency section */
		07F1D3141B0D658700F77F0C /* PBXTargetDependency */ = {
			isa = PBXTargetDependency;
			target = 07F1D2FF1B0D658700F77F0C /* FileCards */;
			targetProxy = 07F1D3131B0D658700F77F0C /* PBXContainerItemProxy */;
		};
/* End PBXTargetDependency section */

/* Begin PBXVariantGroup section */
		07F1D30B1B0D658700F77F0C /* Main.storyboard */ = {
			isa = PBXVariantGroup;
			children = (
				07F1D30C1B0D658700F77F0C /* Base */,
			);
			name = Main.storyboard;
			sourceTree = "<group>";
		};
/* End PBXVariantGroup section */

/* Begin XCBuildConfiguration section */
		07F1D31A1B0D658800F77F0C /* Debug */ = {
			isa = XCBuildConfiguration;
			buildSettings = {
				ALWAYS_SEARCH_USER_PATHS = NO;
				CLANG_CXX_LANGUAGE_STANDARD = "gnu++0x";
				CLANG_CXX_LIBRARY = "libc++";
				CLANG_ENABLE_MODULES = YES;
				CLANG_ENABLE_OBJC_ARC = YES;
				CLANG_WARN_BOOL_CONVERSION = YES;
				CLANG_WARN_CONSTANT_CONVERSION = YES;
				CLANG_WARN_DIRECT_OBJC_ISA_USAGE = YES_ERROR;
				CLANG_WARN_EMPTY_BODY = YES;
				CLANG_WARN_ENUM_CONVERSION = YES;
				CLANG_WARN_INT_CONVERSION = YES;
				CLANG_WARN_OBJC_ROOT_CLASS = YES_ERROR;
				CLANG_WARN_UNREACHABLE_CODE = YES;
				CLANG_WARN__DUPLICATE_METHOD_MATCH = YES;
				CODE_SIGN_IDENTITY = "-";
				COPY_PHASE_STRIP = NO;
				DEBUG_INFORMATION_FORMAT = dwarf;
				ENABLE_STRICT_OBJC_MSGSEND = YES;
				GCC_C_LANGUAGE_STANDARD = gnu99;
				GCC_DYNAMIC_NO_PIC = NO;
				GCC_NO_COMMON_BLOCKS = YES;
				GCC_OPTIMIZATION_LEVEL = 0;
				GCC_PREPROCESSOR_DEFINITIONS = (
					"DEBUG=1",
					"$(inherited)",
				);
				GCC_SYMBOLS_PRIVATE_EXTERN = NO;
				GCC_WARN_64_TO_32_BIT_CONVERSION = YES;
				GCC_WARN_ABOUT_RETURN_TYPE = YES_ERROR;
				GCC_WARN_UNDECLARED_SELECTOR = YES;
				GCC_WARN_UNINITIALIZED_AUTOS = YES_AGGRESSIVE;
				GCC_WARN_UNUSED_FUNCTION = YES;
				GCC_WARN_UNUSED_VARIABLE = YES;
				MACOSX_DEPLOYMENT_TARGET = 10.10;
				MTL_ENABLE_DEBUG_INFO = YES;
				ONLY_ACTIVE_ARCH = YES;
				SDKROOT = macosx;
				SWIFT_OPTIMIZATION_LEVEL = "-Onone";
			};
			name = Debug;
		};
		07F1D31B1B0D658800F77F0C /* Release */ = {
			isa = XCBuildConfiguration;
			buildSettings = {
				ALWAYS_SEARCH_USER_PATHS = NO;
				CLANG_CXX_LANGUAGE_STANDARD = "gnu++0x";
				CLANG_CXX_LIBRARY = "libc++";
				CLANG_ENABLE_MODULES = YES;
				CLANG_ENABLE_OBJC_ARC = YES;
				CLANG_WARN_BOOL_CONVERSION = YES;
				CLANG_WARN_CONSTANT_CONVERSION = YES;
				CLANG_WARN_DIRECT_OBJC_ISA_USAGE = YES_ERROR;
				CLANG_WARN_EMPTY_BODY = YES;
				CLANG_WARN_ENUM_CONVERSION = YES;
				CLANG_WARN_INT_CONVERSION = YES;
				CLANG_WARN_OBJC_ROOT_CLASS = YES_ERROR;
				CLANG_WARN_UNREACHABLE_CODE = YES;
				CLANG_WARN__DUPLICATE_METHOD_MATCH = YES;
				CODE_SIGN_IDENTITY = "-";
				COPY_PHASE_STRIP = NO;
				DEBUG_INFORMATION_FORMAT = "dwarf-with-dsym";
				ENABLE_NS_ASSERTIONS = NO;
				ENABLE_STRICT_OBJC_MSGSEND = YES;
				GCC_C_LANGUAGE_STANDARD = gnu99;
				GCC_NO_COMMON_BLOCKS = YES;
				GCC_WARN_64_TO_32_BIT_CONVERSION = YES;
				GCC_WARN_ABOUT_RETURN_TYPE = YES_ERROR;
				GCC_WARN_UNDECLARED_SELECTOR = YES;
				GCC_WARN_UNINITIALIZED_AUTOS = YES_AGGRESSIVE;
				GCC_WARN_UNUSED_FUNCTION = YES;
				GCC_WARN_UNUSED_VARIABLE = YES;
				MACOSX_DEPLOYMENT_TARGET = 10.10;
				MTL_ENABLE_DEBUG_INFO = NO;
				SDKROOT = macosx;
			};
			name = Release;
		};
		07F1D31D1B0D658800F77F0C /* Debug */ = {
			isa = XCBuildConfiguration;
			buildSettings = {
				ASSETCATALOG_COMPILER_APPICON_NAME = AppIcon;
				COMBINE_HIDPI_IMAGES = YES;
				INFOPLIST_FILE = FileCards/Info.plist;
				LD_RUNPATH_SEARCH_PATHS = "$(inherited) @executable_path/../Frameworks";
				PRODUCT_NAME = "$(TARGET_NAME)";
			};
			name = Debug;
		};
		07F1D31E1B0D658800F77F0C /* Release */ = {
			isa = XCBuildConfiguration;
			buildSettings = {
				ASSETCATALOG_COMPILER_APPICON_NAME = AppIcon;
				COMBINE_HIDPI_IMAGES = YES;
				INFOPLIST_FILE = FileCards/Info.plist;
				LD_RUNPATH_SEARCH_PATHS = "$(inherited) @executable_path/../Frameworks";
				PRODUCT_NAME = "$(TARGET_NAME)";
			};
			name = Release;
		};
		07F1D3201B0D658800F77F0C /* Debug */ = {
			isa = XCBuildConfiguration;
			buildSettings = {
				BUNDLE_LOADER = "$(TEST_HOST)";
				COMBINE_HIDPI_IMAGES = YES;
				FRAMEWORK_SEARCH_PATHS = (
					"$(DEVELOPER_FRAMEWORKS_DIR)",
					"$(inherited)",
				);
				GCC_PREPROCESSOR_DEFINITIONS = (
					"DEBUG=1",
					"$(inherited)",
				);
				INFOPLIST_FILE = FileCardsTests/Info.plist;
				LD_RUNPATH_SEARCH_PATHS = "$(inherited) @executable_path/../Frameworks @loader_path/../Frameworks";
				PRODUCT_NAME = "$(TARGET_NAME)";
				TEST_HOST = "$(BUILT_PRODUCTS_DIR)/FileCards.app/Contents/MacOS/FileCards";
			};
			name = Debug;
		};
		07F1D3211B0D658800F77F0C /* Release */ = {
			isa = XCBuildConfiguration;
			buildSettings = {
				BUNDLE_LOADER = "$(TEST_HOST)";
				COMBINE_HIDPI_IMAGES = YES;
				FRAMEWORK_SEARCH_PATHS = (
					"$(DEVELOPER_FRAMEWORKS_DIR)",
					"$(inherited)",
				);
				INFOPLIST_FILE = FileCardsTests/Info.plist;
				LD_RUNPATH_SEARCH_PATHS = "$(inherited) @executable_path/../Frameworks @loader_path/../Frameworks";
				PRODUCT_NAME = "$(TARGET_NAME)";
				TEST_HOST = "$(BUILT_PRODUCTS_DIR)/FileCards.app/Contents/MacOS/FileCards";
			};
			name = Release;
		};
/* End XCBuildConfiguration section */

/* Begin XCConfigurationList section */
		07F1D2FB1B0D658700F77F0C /* Build configuration list for PBXProject "FileCards" */ = {
			isa = XCConfigurationList;
			buildConfigurations = (
				07F1D31A1B0D658800F77F0C /* Debug */,
				07F1D31B1B0D658800F77F0C /* Release */,
			);
			defaultConfigurationIsVisible = 0;
			defaultConfigurationName = Release;
		};
		07F1D31C1B0D658800F77F0C /* Build configuration list for PBXNativeTarget "FileCards" */ = {
			isa = XCConfigurationList;
			buildConfigurations = (
				07F1D31D1B0D658800F77F0C /* Debug */,
				07F1D31E1B0D658800F77F0C /* Release */,
			);
			defaultConfigurationIsVisible = 0;
			defaultConfigurationName = Release;
		};
		07F1D31F1B0D658800F77F0C /* Build configuration list for PBXNativeTarget "FileCardsTests" */ = {
			isa = XCConfigurationList;
			buildConfigurations = (
				07F1D3201B0D658800F77F0C /* Debug */,
				07F1D3211B0D658800F77F0C /* Release */,
			);
			defaultConfigurationIsVisible = 0;
			defaultConfigurationName = Release;
		};
/* End XCConfigurationList section */
	};
	rootObject = 07F1D2F81B0D658700F77F0C /* Project object */;
}
